
Microsoft Visual Studio Solution File, Format Version 12.00
# Visual Studio 14
VisualStudioVersion = 14.0.25420.1
MinimumVisualStudioVersion = 10.0.40219.1
Project("{FAE04EC0-301F-11D3-BF4B-00C04F79EFBC}") = "CarDealership", "CarDealership\CarDealership.csproj", "{DBD2F482-8469-45A6-AE2F-6809302AE7EA}"
EndProject
Global
	GlobalSection(SolutionConfigurationPlatforms) = preSolution
		Debug|Any CPU = Debug|Any CPU
		Release|Any CPU = Release|Any CPU
	EndGlobalSection
	GlobalSection(ProjectConfigurationPlatforms) = postSolution
		{DBD2F482-8469-45A6-AE2F-6809302AE7EA}.Debug|Any CPU.ActiveCfg = Debug|Any CPU
		{DBD2F482-8469-45A6-AE2F-6809302AE7EA}.Debug|Any CPU.Build.0 = Debug|Any CPU
		{DBD2F482-8469-45A6-AE2F-6809302AE7EA}.Release|Any CPU.ActiveCfg = Release|Any CPU
		{DBD2F482-8469-45A6-AE2F-6809302AE7EA}.Release|Any CPU.Build.0 = Release|Any CPU
	EndGlobalSection
	GlobalSection(SolutionProperties) = preSolution
		HideSolutionNode = FALSE
	EndGlobalSection
EndGlobal
